# This file is automatically @generated by Cargo.
# It is not intended for manual editing.
version = 4

[[package]]
name = "bit_field"
version = "0.10.3"
source = "registry+https://github.com/rust-lang/crates.io-index"
checksum = "1e4b40c7323adcfc0a41c4b88143ed58346ff65a288fc144329c5c45e05d70c6"

[[package]]
name = "bitflags"
version = "1.3.2"
source = "registry+https://github.com/rust-lang/crates.io-index"
checksum = "bef38d45163c2f1dde094a7dfd33ccf595c92905c8f8f4fdc18d06fb1037718a"

[[package]]
name = "bitflags"
version = "2.13.1"
source = "registry+https://github.com/rust-lang/crates.io-index"
checksum = "b588b76d00fde79687d7646a9b5bdf3cc0f655e0bbd080335a95d7e96f3587da"

[[package]]
name = "bootloader_api"
version = "0.11.16"
source = "registry+https://github.com/rust-lang/crates.io-index"
checksum = "895bece39f47cd2063425b9361c0be662c7e2cf0922471ea16312d853600feb3"

[[package]]
name = "moon-kernel"
version = "0.1.0"
dependencies = [
 "bootloader_api",
 "noto-sans-mono-bitmap",
 "uart_16550",
]

[[package]]
name = "noto-sans-mono-bitmap"
version = "0.3.2"
source = "registry+https://github.com/rust-lang/crates.io-index"
checksum = "f102c477fd4ec864c149803bf606ecc23bc9329602ec0f99073a728abf454abc"

[[package]]
name = "raw-cpuid"
version = "10.7.0"
source = "registry+https://github.com/rust-lang/crates.io-index"
checksum = "6c297679cb867470fa8c9f67dbba74a78d78e3e98d7cf2b08d6d71540f797332"
dependencies = [
 "bitflags 1.3.2",
]

[[package]]
name = "rustversion"
version = "1.0.23"
source = "registry+https://github.com/rust-lang/crates.io-index"
checksum = "cf54715a573b99ac80df0bc206da022bcd442c974952c7b9720069370852e21f"

[[package]]
name = "uart_16550"
version = "0.3.2"
source = "registry+https://github.com/rust-lang/crates.io-index"
checksum = "e492212ac378a5e00da953718dafb1340d9fbaf4f27d6f3c5cab03d931d1c049"
dependencies = [
 "bitflags 2.13.1",
 "rustversion",
 "x86",
]

[[package]]
name = "x86"
version = "0.52.0"
source = "registry+https://github.com/rust-lang/crates.io-index"
checksum = "2781db97787217ad2a2845c396a5efe286f87467a5810836db6d74926e94a385"
dependencies = [
 "bit_field",
 "bitflags 1.3.2",
 "raw-cpuid",
]
